# This file is automatically @generated by Cargo.
# It is not intended for manual editing.
[[package]]
name = "buddy_system_allocator"
version = "0.3.6"
source = "registry+https://github.com/rust-lang/crates.io-index"
checksum = "d2a9554af8305f02f66e447ff1838f12c0798b3924b059dd00e637017fa2f02a"
dependencies = [
 "rustversion",
 "spin",
]

[[package]]
name = "proc-macro2"
version = "1.0.8"
source = "registry+https://github.com/rust-lang/crates.io-index"
checksum = "3acb317c6ff86a4e579dfa00fc5e6cca91ecbb4e7eb2df0468805b674eb88548"
dependencies = [
 "unicode-xid",
]

[[package]]
name = "quote"
version = "1.0.2"
source = "registry+https://github.com/rust-lang/crates.io-index"
checksum = "053a8c8bcc71fcce321828dc897a98ab9760bef03a4fc36693c231e5b3216cfe"
dependencies = [
 "proc-macro2",
]

[[package]]
name = "rustversion"
version = "1.0.2"
source = "registry+https://github.com/rust-lang/crates.io-index"
checksum = "b3bba175698996010c4f6dce5e7f173b6eb781fce25d2cfc45e27091ce0b79f6"
dependencies = [
 "proc-macro2",
 "quote",
 "syn",
]

[[package]]
name = "spin"
version = "0.5.2"
source = "registry+https://github.com/rust-lang/crates.io-index"
checksum = "6e63cff320ae2c57904679ba7cb63280a3dc4613885beafb148ee7bf9aa9042d"

[[package]]
name = "syn"
version = "1.0.15"
source = "registry+https://github.com/rust-lang/crates.io-index"
checksum = "7a0294dc449adc58bb6592fff1a23d3e5e6e235afc6a0ffca2657d19e7bbffe5"
dependencies = [
 "proc-macro2",
 "quote",
 "unicode-xid",
]

[[package]]
name = "template"
version = "0.1.0"
dependencies = [
 "buddy_system_allocator",
]

[[package]]
name = "unicode-xid"
version = "0.2.0"
source = "registry+https://github.com/rust-lang/crates.io-index"
checksum = "826e7639553986605ec5979c7dd957c7895e93eabed50ab2ffa7f6128a75097c"
